
Microsoft Visual Studio Solution File, Format Version 12.00
# Visual Studio Version 17
VisualStudioVersion = 17.0.31903.59
MinimumVisualStudioVersion = 10.0.40219.1
Project("{2150E333-8FDC-42A3-9474-1A3956D46DE8}") = "src", "src", "{827E0CD3-B72D-47B6-A68D-7590B98EB39B}"
EndProject
Project("{FAE04EC0-301F-11D3-BF4B-00C04F79EFBC}") = "SaveState.Shared", "src\SaveState.Shared\SaveState.Shared.csproj", "{DD56168D-9A3D-4B67-B86A-C9510AFDAAC3}"
EndProject
Project("{FAE04EC0-301F-11D3-BF4B-00C04F79EFBC}") = "SaveState.Runtime", "src\SaveState.Runtime\SaveState.Runtime.csproj", "{4E196A02-0A30-44DA-B9E7-F1B5AA200933}"
EndProject
Project("{FAE04EC0-301F-11D3-BF4B-00C04F79EFBC}") = "SaveState.Generator", "src\SaveState.Generator\SaveState.Generator.csproj", "{ED835D2B-258F-4A19-92CF-578D2495C3E0}"
EndProject
Project("{FAE04EC0-301F-11D3-BF4B-00C04F79EFBC}") = "SaveState.Policy", "src\SaveState.Policy\SaveState.Policy.csproj", "{48E01A71-9A47-46D1-BE82-484025E9C79F}"
EndProject
Project("{2150E333-8FDC-42A3-9474-1A3956D46DE8}") = "tests", "tests", "{0AB3BF05-4346-4AA6-1389-037BE0695223}"
EndProject
Project("{FAE04EC0-301F-11D3-BF4B-00C04F79EFBC}") = "SaveState.Tests", "tests\SaveState.Tests\SaveState.Tests.csproj", "{7D676647-DDC6-4AFA-B6CB-75401C5FB5EC}"
EndProject
Project("{2150E333-8FDC-42A3-9474-1A3956D46DE8}") = "samples", "samples", "{5D20AA90-6969-D8BD-9DCD-8634F4692FDA}"
EndProject
Project("{FAE04EC0-301F-11D3-BF4B-00C04F79EFBC}") = "SaveState.Samples.Console", "samples\SaveState.Samples.Console\SaveState.Samples.Console.csproj", "{2709A574-AD3B-468E-B0BD-DBB61169A1DE}"
EndProject
Project("{FAE04EC0-301F-11D3-BF4B-00C04F79EFBC}") = "SaveState.Godot", "src\SaveState.Godot\SaveState.Godot.csproj", "{2471ED60-C4BB-43E3-B86D-70C5C68AF45A}"
EndProject
Project("{FAE04EC0-301F-11D3-BF4B-00C04F79EFBC}") = "SaveState.DependencyInjection", "src\SaveState.DependencyInjection\SaveState.DependencyInjection.csproj", "{6D872541-6E41-4CEC-B931-7F539922046F}"
EndProject
Project("{FAE04EC0-301F-11D3-BF4B-00C04F79EFBC}") = "SaveState.DependencyInjection.Tests", "tests\SaveState.DependencyInjection.Tests\SaveState.DependencyInjection.Tests.csproj", "{701F922A-0140-400A-B979-FE99FC501704}"
EndProject
Global
	GlobalSection(SolutionConfigurationPlatforms) = preSolution
		Debug|Any CPU = Debug|Any CPU
		Debug|x64 = Debug|x64
		Debug|x86 = Debug|x86
		Release|Any CPU = Release|Any CPU
		Release|x64 = Release|x64
		Release|x86 = Release|x86
	EndGlobalSection
	GlobalSection(ProjectConfigurationPlatforms) = postSolution
		{DD56168D-9A3D-4B67-B86A-C9510AFDAAC3}.Debug|Any CPU.ActiveCfg = Debug|Any CPU
		{DD56168D-9A3D-4B67-B86A-C9510AFDAAC3}.Debug|Any CPU.Build.0 = Debug|Any CPU
		{DD56168D-9A3D-4B67-B86A-C9510AFDAAC3}.Debug|x64.ActiveCfg = Debug|Any CPU
		{DD56168D-9A3D-4B67-B86A-C9510AFDAAC3}.Debug|x64.Build.0 = Debug|Any CPU
		{DD56168D-9A3D-4B67-B86A-C9510AFDAAC3}.Debug|x86.ActiveCfg = Debug|Any CPU
		{DD56168D-9A3D-4B67-B86A-C9510AFDAAC3}.Debug|x86.Build.0 = Debug|Any CPU
		{DD56168D-9A3D-4B67-B86A-C9510AFDAAC3}.Release|Any CPU.ActiveCfg = Release|Any CPU
		{DD56168D-9A3D-4B67-B86A-C9510AFDAAC3}.Release|Any CPU.Build.0 = Release|Any CPU
		{DD56168D-9A3D-4B67-B86A-C9510AFDAAC3}.Release|x64.ActiveCfg = Release|Any CPU
		{DD56168D-9A3D-4B67-B86A-C9510AFDAAC3}.Release|x64.Build.0 = Release|Any CPU
		{DD56168D-9A3D-4B67-B86A-C9510AFDAAC3}.Release|x86.ActiveCfg = Release|Any CPU
		{DD56168D-9A3D-4B67-B86A-C9510AFDAAC3}.Release|x86.Build.0 = Release|Any CPU
		{4E196A02-0A30-44DA-B9E7-F1B5AA200933}.Debug|Any CPU.ActiveCfg = Debug|Any CPU
		{4E196A02-0A30-44DA-B9E7-F1B5AA200933}.Debug|Any CPU.Build.0 = Debug|Any CPU
		{4E196A02-0A30-44DA-B9E7-F1B5AA200933}.Debug|x64.ActiveCfg = Debug|Any CPU
		{4E196A02-0A30-44DA-B9E7-F1B5AA200933}.Debug|x64.Build.0 = Debug|Any CPU
		{4E196A02-0A30-44DA-B9E7-F1B5AA200933}.Debug|x86.ActiveCfg = Debug|Any CPU
		{4E196A02-0A30-44DA-B9E7-F1B5AA200933}.Debug|x86.Build.0 = Debug|Any CPU
		{4E196A02-0A30-44DA-B9E7-F1B5AA200933}.Release|Any CPU.ActiveCfg = Release|Any CPU
		{4E196A02-0A30-44DA-B9E7-F1B5AA200933}.Release|Any CPU.Build.0 = Release|Any CPU
		{4E196A02-0A30-44DA-B9E7-F1B5AA200933}.Release|x64.ActiveCfg = Release|Any CPU
		{4E196A02-0A30-44DA-B9E7-F1B5AA200933}.Release|x64.Build.0 = Release|Any CPU
		{4E196A02-0A30-44DA-B9E7-F1B5AA200933}.Release|x86.ActiveCfg = Release|Any CPU
		{4E196A02-0A30-44DA-B9E7-F1B5AA200933}.Release|x86.Build.0 = Release|Any CPU
		{ED835D2B-258F-4A19-92CF-578D2495C3E0}.Debug|Any CPU.ActiveCfg = Debug|Any CPU
		{ED835D2B-258F-4A19-92CF-578D2495C3E0}.Debug|Any CPU.Build.0 = Debug|Any CPU
		{ED835D2B-258F-4A19-92CF-578D2495C3E0}.Debug|x64.ActiveCfg = Debug|Any CPU
		{ED835D2B-258F-4A19-92CF-578D2495C3E0}.Debug|x64.Build.0 = Debug|Any CPU
		{ED835D2B-258F-4A19-92CF-578D2495C3E0}.Debug|x86.ActiveCfg = Debug|Any CPU
		{ED835D2B-258F-4A19-92CF-578D2495C3E0}.Debug|x86.Build.0 = Debug|Any CPU
		{ED835D2B-258F-4A19-92CF-578D2495C3E0}.Release|Any CPU.ActiveCfg = Release|Any CPU
		{ED835D2B-258F-4A19-92CF-578D2495C3E0}.Release|Any CPU.Build.0 = Release|Any CPU
		{ED835D2B-258F-4A19-92CF-578D2495C3E0}.Release|x64.ActiveCfg = Release|Any CPU
		{ED835D2B-258F-4A19-92CF-578D2495C3E0}.Release|x64.Build.0 = Release|Any CPU
		{ED835D2B-258F-4A19-92CF-578D2495C3E0}.Release|x86.ActiveCfg = Release|Any CPU
		{ED835D2B-258F-4A19-92CF-578D2495C3E0}.Release|x86.Build.0 = Release|Any CPU
		{48E01A71-9A47-46D1-BE82-484025E9C79F}.Debug|Any CPU.ActiveCfg = Debug|Any CPU
		{48E01A71-9A47-46D1-BE82-484025E9C79F}.Debug|Any CPU.Build.0 = Debug|Any CPU
		{48E01A71-9A47-46D1-BE82-484025E9C79F}.Debug|x64.ActiveCfg = Debug|Any CPU
		{48E01A71-9A47-46D1-BE82-484025E9C79F}.Debug|x64.Build.0 = Debug|Any CPU
		{48E01A71-9A47-46D1-BE82-484025E9C79F}.Debug|x86.ActiveCfg = Debug|Any CPU
		{48E01A71-9A47-46D1-BE82-484025E9C79F}.Debug|x86.Build.0 = Debug|Any CPU
		{48E01A71-9A47-46D1-BE82-484025E9C79F}.Release|Any CPU.ActiveCfg = Release|Any CPU
		{48E01A71-9A47-46D1-BE82-484025E9C79F}.Release|Any CPU.Build.0 = Release|Any CPU
		{48E01A71-9A47-46D1-BE82-484025E9C79F}.Release|x64.ActiveCfg = Release|Any CPU
		{48E01A71-9A47-46D1-BE82-484025E9C79F}.Release|x64.Build.0 = Release|Any CPU
		{48E01A71-9A47-46D1-BE82-484025E9C79F}.Release|x86.ActiveCfg = Release|Any CPU
		{48E01A71-9A47-46D1-BE82-484025E9C79F}.Release|x86.Build.0 = Release|Any CPU
		{7D676647-DDC6-4AFA-B6CB-75401C5FB5EC}.Debug|Any CPU.ActiveCfg = Debug|Any CPU
		{7D676647-DDC6-4AFA-B6CB-75401C5FB5EC}.Debug|Any CPU.Build.0 = Debug|Any CPU
		{7D676647-DDC6-4AFA-B6CB-75401C5FB5EC}.Debug|x64.ActiveCfg = Debug|Any CPU
		{7D676647-DDC6-4AFA-B6CB-75401C5FB5EC}.Debug|x64.Build.0 = Debug|Any CPU
		{7D676647-DDC6-4AFA-B6CB-75401C5FB5EC}.Debug|x86.ActiveCfg = Debug|Any CPU
		{7D676647-DDC6-4AFA-B6CB-75401C5FB5EC}.Debug|x86.Build.0 = Debug|Any CPU
		{7D676647-DDC6-4AFA-B6CB-75401C5FB5EC}.Release|Any CPU.ActiveCfg = Release|Any CPU
		{7D676647-DDC6-4AFA-B6CB-75401C5FB5EC}.Release|Any CPU.Build.0 = Release|Any CPU
		{7D676647-DDC6-4AFA-B6CB-75401C5FB5EC}.Release|x64.ActiveCfg = Release|Any CPU
		{7D676647-DDC6-4AFA-B6CB-75401C5FB5EC}.Release|x64.Build.0 = Release|Any CPU
		{7D676647-DDC6-4AFA-B6CB-75401C5FB5EC}.Release|x86.ActiveCfg = Release|Any CPU
		{7D676647-DDC6-4AFA-B6CB-75401C5FB5EC}.Release|x86.Build.0 = Release|Any CPU
		{2709A574-AD3B-468E-B0BD-DBB61169A1DE}.Debug|Any CPU.ActiveCfg = Debug|Any CPU
		{2709A574-AD3B-468E-B0BD-DBB61169A1DE}.Debug|Any CPU.Build.0 = Debug|Any CPU
		{2709A574-AD3B-468E-B0BD-DBB61169A1DE}.Debug|x64.ActiveCfg = Debug|Any CPU
		{2709A574-AD3B-468E-B0BD-DBB61169A1DE}.Debug|x64.Build.0 = Debug|Any CPU
		{2709A574-AD3B-468E-B0BD-DBB61169A1DE}.Debug|x86.ActiveCfg = Debug|Any CPU
		{2709A574-AD3B-468E-B0BD-DBB61169A1DE}.Debug|x86.Build.0 = Debug|Any CPU
		{2709A574-AD3B-468E-B0BD-DBB61169A1DE}.Release|Any CPU.ActiveCfg = Release|Any CPU
		{2709A574-AD3B-468E-B0BD-DBB61169A1DE}.Release|Any CPU.Build.0 = Release|Any CPU
		{2709A574-AD3B-468E-B0BD-DBB61169A1DE}.Release|x64.ActiveCfg = Release|Any CPU
		{2709A574-AD3B-468E-B0BD-DBB61169A1DE}.Release|x64.Build.0 = Release|Any CPU
		{2709A574-AD3B-468E-B0BD-DBB61169A1DE}.Release|x86.ActiveCfg = Release|Any CPU
		{2709A574-AD3B-468E-B0BD-DBB61169A1DE}.Release|x86.Build.0 = Release|Any CPU
		{2471ED60-C4BB-43E3-B86D-70C5C68AF45A}.Debug|Any CPU.ActiveCfg = Debug|Any CPU
		{2471ED60-C4BB-43E3-B86D-70C5C68AF45A}.Debug|Any CPU.Build.0 = Debug|Any CPU
		{2471ED60-C4BB-43E3-B86D-70C5C68AF45A}.Debug|x64.ActiveCfg = Debug|Any CPU
		{2471ED60-C4BB-43E3-B86D-70C5C68AF45A}.Debug|x64.Build.0 = Debug|Any CPU
		{2471ED60-C4BB-43E3-B86D-70C5C68AF45A}.Debug|x86.ActiveCfg = Debug|Any CPU
		{2471ED60-C4BB-43E3-B86D-70C5C68AF45A}.Debug|x86.Build.0 = Debug|Any CPU
		{2471ED60-C4BB-43E3-B86D-70C5C68AF45A}.Release|Any CPU.ActiveCfg = Debug|Any CPU
		{2471ED60-C4BB-43E3-B86D-70C5C68AF45A}.Release|Any CPU.Build.0 = Debug|Any CPU
		{2471ED60-C4BB-43E3-B86D-70C5C68AF45A}.Release|x64.ActiveCfg = Debug|Any CPU
		{2471ED60-C4BB-43E3-B86D-70C5C68AF45A}.Release|x64.Build.0 = Debug|Any CPU
		{2471ED60-C4BB-43E3-B86D-70C5C68AF45A}.Release|x86.ActiveCfg = Debug|Any CPU
		{2471ED60-C4BB-43E3-B86D-70C5C68AF45A}.Release|x86.Build.0 = Debug|Any CPU
		{6D872541-6E41-4CEC-B931-7F539922046F}.Debug|Any CPU.ActiveCfg = Debug|Any CPU
		{6D872541-6E41-4CEC-B931-7F539922046F}.Debug|Any CPU.Build.0 = Debug|Any CPU
		{6D872541-6E41-4CEC-B931-7F539922046F}.Debug|x64.ActiveCfg = Debug|Any CPU
		{6D872541-6E41-4CEC-B931-7F539922046F}.Debug|x64.Build.0 = Debug|Any CPU
		{6D872541-6E41-4CEC-B931-7F539922046F}.Debug|x86.ActiveCfg = Debug|Any CPU
		{6D872541-6E41-4CEC-B931-7F539922046F}.Debug|x86.Build.0 = Debug|Any CPU
		{6D872541-6E41-4CEC-B931-7F539922046F}.Release|Any CPU.ActiveCfg = Release|Any CPU
		{6D872541-6E41-4CEC-B931-7F539922046F}.Release|Any CPU.Build.0 = Release|Any CPU
		{6D872541-6E41-4CEC-B931-7F539922046F}.Release|x64.ActiveCfg = Release|Any CPU
		{6D872541-6E41-4CEC-B931-7F539922046F}.Release|x64.Build.0 = Release|Any CPU
		{6D872541-6E41-4CEC-B931-7F539922046F}.Release|x86.ActiveCfg = Release|Any CPU
		{6D872541-6E41-4CEC-B931-7F539922046F}.Release|x86.Build.0 = Release|Any CPU
		{701F922A-0140-400A-B979-FE99FC501704}.Debug|Any CPU.ActiveCfg = Debug|Any CPU
		{701F922A-0140-400A-B979-FE99FC501704}.Debug|Any CPU.Build.0 = Debug|Any CPU
		{701F922A-0140-400A-B979-FE99FC501704}.Debug|x64.ActiveCfg = Debug|Any CPU
		{701F922A-0140-400A-B979-FE99FC501704}.Debug|x64.Build.0 = Debug|Any CPU
		{701F922A-0140-400A-B979-FE99FC501704}.Debug|x86.ActiveCfg = Debug|Any CPU
		{701F922A-0140-400A-B979-FE99FC501704}.Debug|x86.Build.0 = Debug|Any CPU
		{701F922A-0140-400A-B979-FE99FC501704}.Release|Any CPU.ActiveCfg = Release|Any CPU
		{701F922A-0140-400A-B979-FE99FC501704}.Release|Any CPU.Build.0 = Release|Any CPU
		{701F922A-0140-400A-B979-FE99FC501704}.Release|x64.ActiveCfg = Release|Any CPU
		{701F922A-0140-400A-B979-FE99FC501704}.Release|x64.Build.0 = Release|Any CPU
		{701F922A-0140-400A-B979-FE99FC501704}.Release|x86.ActiveCfg = Release|Any CPU
		{701F922A-0140-400A-B979-FE99FC501704}.Release|x86.Build.0 = Release|Any CPU
	EndGlobalSection
	GlobalSection(SolutionProperties) = preSolution
		HideSolutionNode = FALSE
	EndGlobalSection
	GlobalSection(NestedProjects) = preSolution
		{DD56168D-9A3D-4B67-B86A-C9510AFDAAC3} = {827E0CD3-B72D-47B6-A68D-7590B98EB39B}
		{4E196A02-0A30-44DA-B9E7-F1B5AA200933} = {827E0CD3-B72D-47B6-A68D-7590B98EB39B}
		{ED835D2B-258F-4A19-92CF-578D2495C3E0} = {827E0CD3-B72D-47B6-A68D-7590B98EB39B}
		{48E01A71-9A47-46D1-BE82-484025E9C79F} = {827E0CD3-B72D-47B6-A68D-7590B98EB39B}
		{7D676647-DDC6-4AFA-B6CB-75401C5FB5EC} = {0AB3BF05-4346-4AA6-1389-037BE0695223}
		{2709A574-AD3B-468E-B0BD-DBB61169A1DE} = {5D20AA90-6969-D8BD-9DCD-8634F4692FDA}
		{2471ED60-C4BB-43E3-B86D-70C5C68AF45A} = {827E0CD3-B72D-47B6-A68D-7590B98EB39B}
		{6D872541-6E41-4CEC-B931-7F539922046F} = {827E0CD3-B72D-47B6-A68D-7590B98EB39B}
		{701F922A-0140-400A-B979-FE99FC501704} = {0AB3BF05-4346-4AA6-1389-037BE0695223}
	EndGlobalSection
EndGlobal
